
Microsoft Visual Studio Solution File, Format Version 12.00
# Visual Studio Version 17
VisualStudioVersion = 17.8.34511.84
MinimumVisualStudioVersion = 10.0.40219.1
Project("{FAE04EC0-301F-11D3-BF4B-00C04F79EFBC}") = "Books", "src\Books\Books.csproj", "{2B7328C1-982F-4765-9D3B-DDFCF3A42AE6}"
EndProject
Project("{2150E333-8FDC-42A3-9474-1A3956D46DE8}") = "Services", "Services", "{540F0005-8DF6-461D-806B-41C125E661F9}"
EndProject
Project("{FAE04EC0-301F-11D3-BF4B-00C04F79EFBC}") = "Authors", "src\Authors\Authors.csproj", "{93ADFF59-E703-46A5-87D1-4A3B557931CF}"
EndProject
Project("{FAE04EC0-301F-11D3-BF4B-00C04F79EFBC}") = "Gateway", "src\Gateway\Gateway.csproj", "{F534DF83-3FB2-488D-9FCC-E23461D14537}"
EndProject
Global
	GlobalSection(SolutionConfigurationPlatforms) = preSolution
		Debug|Any CPU = Debug|Any CPU
		Release|Any CPU = Release|Any CPU
	EndGlobalSection
	GlobalSection(ProjectConfigurationPlatforms) = postSolution
		{2B7328C1-982F-4765-9D3B-DDFCF3A42AE6}.Debug|Any CPU.ActiveCfg = Debug|Any CPU
		{2B7328C1-982F-4765-9D3B-DDFCF3A42AE6}.Debug|Any CPU.Build.0 = Debug|Any CPU
		{2B7328C1-982F-4765-9D3B-DDFCF3A42AE6}.Release|Any CPU.ActiveCfg = Release|Any CPU
		{2B7328C1-982F-4765-9D3B-DDFCF3A42AE6}.Release|Any CPU.Build.0 = Release|Any CPU
		{93ADFF59-E703-46A5-87D1-4A3B557931CF}.Debug|Any CPU.ActiveCfg = Debug|Any CPU
		{93ADFF59-E703-46A5-87D1-4A3B557931CF}.Debug|Any CPU.Build.0 = Debug|Any CPU
		{93ADFF59-E703-46A5-87D1-4A3B557931CF}.Release|Any CPU.ActiveCfg = Release|Any CPU
		{93ADFF59-E703-46A5-87D1-4A3B557931CF}.Release|Any CPU.Build.0 = Release|Any CPU
		{F534DF83-3FB2-488D-9FCC-E23461D14537}.Debug|Any CPU.ActiveCfg = Debug|Any CPU
		{F534DF83-3FB2-488D-9FCC-E23461D14537}.Debug|Any CPU.Build.0 = Debug|Any CPU
		{F534DF83-3FB2-488D-9FCC-E23461D14537}.Release|Any CPU.ActiveCfg = Release|Any CPU
		{F534DF83-3FB2-488D-9FCC-E23461D14537}.Release|Any CPU.Build.0 = Release|Any CPU
	EndGlobalSection
	GlobalSection(SolutionProperties) = preSolution
		HideSolutionNode = FALSE
	EndGlobalSection
	GlobalSection(NestedProjects) = preSolution
		{2B7328C1-982F-4765-9D3B-DDFCF3A42AE6} = {540F0005-8DF6-461D-806B-41C125E661F9}
		{93ADFF59-E703-46A5-87D1-4A3B557931CF} = {540F0005-8DF6-461D-806B-41C125E661F9}
	EndGlobalSection
	GlobalSection(ExtensibilityGlobals) = postSolution
		SolutionGuid = {CC959B5E-2538-42B8-934E-1B6BF8603938}
	EndGlobalSection
EndGlobal
